
Microsoft Visual Studio Solution File, Format Version 12.00
# Visual Studio Version 17
VisualStudioVersion = 17.3.32901.215
MinimumVisualStudioVersion = 10.0.40219.1
Project("{9A19103F-16F7-4668-BE54-9A1E7A4F7556}") = "Leucippus", "Leucippus\Leucippus.csproj", "{6B02D7FB-8C18-4A2B-A795-A074D2E3612A}"
EndProject
Project("{2150E333-8FDC-42A3-9474-1A3956D46DE8}") = "Solution Items", "Solution Items", "{CC31A1F7-C499-4677-84CC-6791A24B0918}"
	ProjectSection(SolutionItems) = preProject
		Documents\todo.md = Documents\todo.md
	EndProjectSection
EndProject
Project("{9A19103F-16F7-4668-BE54-9A1E7A4F7556}") = "LeuciShared", "LeuciShared\LeuciShared.csproj", "{7C28537C-9CCE-4DF0-B793-3686C23B0866}"
EndProject
Project("{FAE04EC0-301F-11D3-BF4B-00C04F79EFBC}") = "LeucipApp", "LeucipApp\LeucipApp.csproj", "{6ABDED60-454B-422C-9C54-B464D543BE52}"
EndProject
Global
	GlobalSection(SolutionConfigurationPlatforms) = preSolution
		Debug|Any CPU = Debug|Any CPU
		Debug|ARM = Debug|ARM
		Debug|ARM64 = Debug|ARM64
		Debug|x64 = Debug|x64
		Debug|x86 = Debug|x86
		Release|Any CPU = Release|Any CPU
		Release|ARM = Release|ARM
		Release|ARM64 = Release|ARM64
		Release|x64 = Release|x64
		Release|x86 = Release|x86
	EndGlobalSection
	GlobalSection(ProjectConfigurationPlatforms) = postSolution
		{6B02D7FB-8C18-4A2B-A795-A074D2E3612A}.Debug|Any CPU.ActiveCfg = Debug|Any CPU
		{6B02D7FB-8C18-4A2B-A795-A074D2E3612A}.Debug|Any CPU.Build.0 = Debug|Any CPU
		{6B02D7FB-8C18-4A2B-A795-A074D2E3612A}.Debug|ARM.ActiveCfg = Debug|Any CPU
		{6B02D7FB-8C18-4A2B-A795-A074D2E3612A}.Debug|ARM.Build.0 = Debug|Any CPU
		{6B02D7FB-8C18-4A2B-A795-A074D2E3612A}.Debug|ARM64.ActiveCfg = Debug|Any CPU
		{6B02D7FB-8C18-4A2B-A795-A074D2E3612A}.Debug|ARM64.Build.0 = Debug|Any CPU
		{6B02D7FB-8C18-4A2B-A795-A074D2E3612A}.Debug|x64.ActiveCfg = Debug|Any CPU
		{6B02D7FB-8C18-4A2B-A795-A074D2E3612A}.Debug|x64.Build.0 = Debug|Any CPU
		{6B02D7FB-8C18-4A2B-A795-A074D2E3612A}.Debug|x86.ActiveCfg = Debug|Any CPU
		{6B02D7FB-8C18-4A2B-A795-A074D2E3612A}.Debug|x86.Build.0 = Debug|Any CPU
		{6B02D7FB-8C18-4A2B-A795-A074D2E3612A}.Release|Any CPU.ActiveCfg = Release|Any CPU
		{6B02D7FB-8C18-4A2B-A795-A074D2E3612A}.Release|Any CPU.Build.0 = Release|Any CPU
		{6B02D7FB-8C18-4A2B-A795-A074D2E3612A}.Release|ARM.ActiveCfg = Release|Any CPU
		{6B02D7FB-8C18-4A2B-A795-A074D2E3612A}.Release|ARM.Build.0 = Release|Any CPU
		{6B02D7FB-8C18-4A2B-A795-A074D2E3612A}.Release|ARM64.ActiveCfg = Release|Any CPU
		{6B02D7FB-8C18-4A2B-A795-A074D2E3612A}.Release|ARM64.Build.0 = Release|Any CPU
		{6B02D7FB-8C18-4A2B-A795-A074D2E3612A}.Release|x64.ActiveCfg = Release|Any CPU
		{6B02D7FB-8C18-4A2B-A795-A074D2E3612A}.Release|x64.Build.0 = Release|Any CPU
		{6B02D7FB-8C18-4A2B-A795-A074D2E3612A}.Release|x86.ActiveCfg = Release|Any CPU
		{6B02D7FB-8C18-4A2B-A795-A074D2E3612A}.Release|x86.Build.0 = Release|Any CPU
		{7C28537C-9CCE-4DF0-B793-3686C23B0866}.Debug|Any CPU.ActiveCfg = Debug|Any CPU
		{7C28537C-9CCE-4DF0-B793-3686C23B0866}.Debug|Any CPU.Build.0 = Debug|Any CPU
		{7C28537C-9CCE-4DF0-B793-3686C23B0866}.Debug|ARM.ActiveCfg = Debug|Any CPU
		{7C28537C-9CCE-4DF0-B793-3686C23B0866}.Debug|ARM.Build.0 = Debug|Any CPU
		{7C28537C-9CCE-4DF0-B793-3686C23B0866}.Debug|ARM64.ActiveCfg = Debug|Any CPU
		{7C28537C-9CCE-4DF0-B793-3686C23B0866}.Debug|ARM64.Build.0 = Debug|Any CPU
		{7C28537C-9CCE-4DF0-B793-3686C23B0866}.Debug|x64.ActiveCfg = Debug|Any CPU
		{7C28537C-9CCE-4DF0-B793-3686C23B0866}.Debug|x64.Build.0 = Debug|Any CPU
		{7C28537C-9CCE-4DF0-B793-3686C23B0866}.Debug|x86.ActiveCfg = Debug|Any CPU
		{7C28537C-9CCE-4DF0-B793-3686C23B0866}.Debug|x86.Build.0 = Debug|Any CPU
		{7C28537C-9CCE-4DF0-B793-3686C23B0866}.Release|Any CPU.ActiveCfg = Release|Any CPU
		{7C28537C-9CCE-4DF0-B793-3686C23B0866}.Release|Any CPU.Build.0 = Release|Any CPU
		{7C28537C-9CCE-4DF0-B793-3686C23B0866}.Release|ARM.ActiveCfg = Release|Any CPU
		{7C28537C-9CCE-4DF0-B793-3686C23B0866}.Release|ARM.Build.0 = Release|Any CPU
		{7C28537C-9CCE-4DF0-B793-3686C23B0866}.Release|ARM64.ActiveCfg = Release|Any CPU
		{7C28537C-9CCE-4DF0-B793-3686C23B0866}.Release|ARM64.Build.0 = Release|Any CPU
		{7C28537C-9CCE-4DF0-B793-3686C23B0866}.Release|x64.ActiveCfg = Release|Any CPU
		{7C28537C-9CCE-4DF0-B793-3686C23B0866}.Release|x64.Build.0 = Release|Any CPU
		{7C28537C-9CCE-4DF0-B793-3686C23B0866}.Release|x86.ActiveCfg = Release|Any CPU
		{7C28537C-9CCE-4DF0-B793-3686C23B0866}.Release|x86.Build.0 = Release|Any CPU
		{6ABDED60-454B-422C-9C54-B464D543BE52}.Debug|Any CPU.ActiveCfg = Debug|Any CPU
		{6ABDED60-454B-422C-9C54-B464D543BE52}.Debug|Any CPU.Build.0 = Debug|Any CPU
		{6ABDED60-454B-422C-9C54-B464D543BE52}.Debug|ARM.ActiveCfg = Debug|Any CPU
		{6ABDED60-454B-422C-9C54-B464D543BE52}.Debug|ARM.Build.0 = Debug|Any CPU
		{6ABDED60-454B-422C-9C54-B464D543BE52}.Debug|ARM64.ActiveCfg = Debug|Any CPU
		{6ABDED60-454B-422C-9C54-B464D543BE52}.Debug|ARM64.Build.0 = Debug|Any CPU
		{6ABDED60-454B-422C-9C54-B464D543BE52}.Debug|x64.ActiveCfg = Debug|Any CPU
		{6ABDED60-454B-422C-9C54-B464D543BE52}.Debug|x64.Build.0 = Debug|Any CPU
		{6ABDED60-454B-422C-9C54-B464D543BE52}.Debug|x86.ActiveCfg = Debug|Any CPU
		{6ABDED60-454B-422C-9C54-B464D543BE52}.Debug|x86.Build.0 = Debug|Any CPU
		{6ABDED60-454B-422C-9C54-B464D543BE52}.Release|Any CPU.ActiveCfg = Release|Any CPU
		{6ABDED60-454B-422C-9C54-B464D543BE52}.Release|Any CPU.Build.0 = Release|Any CPU
		{6ABDED60-454B-422C-9C54-B464D543BE52}.Release|ARM.ActiveCfg = Release|Any CPU
		{6ABDED60-454B-422C-9C54-B464D543BE52}.Release|ARM.Build.0 = Release|Any CPU
		{6ABDED60-454B-422C-9C54-B464D543BE52}.Release|ARM64.ActiveCfg = Release|Any CPU
		{6ABDED60-454B-422C-9C54-B464D543BE52}.Release|ARM64.Build.0 = Release|Any CPU
		{6ABDED60-454B-422C-9C54-B464D543BE52}.Release|x64.ActiveCfg = Release|Any CPU
		{6ABDED60-454B-422C-9C54-B464D543BE52}.Release|x64.Build.0 = Release|Any CPU
		{6ABDED60-454B-422C-9C54-B464D543BE52}.Release|x86.ActiveCfg = Release|Any CPU
		{6ABDED60-454B-422C-9C54-B464D543BE52}.Release|x86.Build.0 = Release|Any CPU
	EndGlobalSection
	GlobalSection(SolutionProperties) = preSolution
		HideSolutionNode = FALSE
	EndGlobalSection
	GlobalSection(ExtensibilityGlobals) = postSolution
		SolutionGuid = {DC785A54-377C-4FB5-A9CB-37F494DD3D36}
	EndGlobalSection
EndGlobal
