
Microsoft Visual Studio Solution File, Format Version 12.00
# Visual Studio Version 17
VisualStudioVersion = 17.3.32901.215
MinimumVisualStudioVersion = 10.0.40219.1
Project("{8BC9CEB8-8B4A-11D0-8D11-00A0C91BC942}") = "LeuciCpp", "..\LeuciCpp\LeuciCpp.vcxproj", "{091862B5-AD08-46C2-B7DA-A6CEDA0F8166}"
EndProject
Project("{FAE04EC0-301F-11D3-BF4B-00C04F79EFBC}") = "LeuciSharp", "..\LeuciSharp\LeuciSharp.csproj", "{FCC2F3F5-3A5F-49D9-8562-2A6D536D01DD}"
EndProject
Project("{FAE04EC0-301F-11D3-BF4B-00C04F79EFBC}") = "Leucippus", "..\Leucippus\Leucippus.csproj", "{C285A2EF-0D14-473B-8547-4B4F66995448}"
EndProject
Project("{2150E333-8FDC-42A3-9474-1A3956D46DE8}") = "Solution Items", "Solution Items", "{10B097DF-6004-4B3B-8C83-B6C5538B00BF}"
	ProjectSection(SolutionItems) = preProject
		..\.gitignore = ..\.gitignore
	EndProjectSection
EndProject
Global
	GlobalSection(SolutionConfigurationPlatforms) = preSolution
		Debug|Any CPU = Debug|Any CPU
		Debug|x64 = Debug|x64
		Debug|x86 = Debug|x86
		Release|Any CPU = Release|Any CPU
		Release|x64 = Release|x64
		Release|x86 = Release|x86
	EndGlobalSection
	GlobalSection(ProjectConfigurationPlatforms) = postSolution
		{091862B5-AD08-46C2-B7DA-A6CEDA0F8166}.Debug|Any CPU.ActiveCfg = Debug|x64
		{091862B5-AD08-46C2-B7DA-A6CEDA0F8166}.Debug|Any CPU.Build.0 = Debug|x64
		{091862B5-AD08-46C2-B7DA-A6CEDA0F8166}.Debug|x64.ActiveCfg = Debug|x64
		{091862B5-AD08-46C2-B7DA-A6CEDA0F8166}.Debug|x64.Build.0 = Debug|x64
		{091862B5-AD08-46C2-B7DA-A6CEDA0F8166}.Debug|x86.ActiveCfg = Debug|Win32
		{091862B5-AD08-46C2-B7DA-A6CEDA0F8166}.Debug|x86.Build.0 = Debug|Win32
		{091862B5-AD08-46C2-B7DA-A6CEDA0F8166}.Release|Any CPU.ActiveCfg = Release|x64
		{091862B5-AD08-46C2-B7DA-A6CEDA0F8166}.Release|Any CPU.Build.0 = Release|x64
		{091862B5-AD08-46C2-B7DA-A6CEDA0F8166}.Release|x64.ActiveCfg = Release|x64
		{091862B5-AD08-46C2-B7DA-A6CEDA0F8166}.Release|x64.Build.0 = Release|x64
		{091862B5-AD08-46C2-B7DA-A6CEDA0F8166}.Release|x86.ActiveCfg = Release|Win32
		{091862B5-AD08-46C2-B7DA-A6CEDA0F8166}.Release|x86.Build.0 = Release|Win32
		{FCC2F3F5-3A5F-49D9-8562-2A6D536D01DD}.Debug|Any CPU.ActiveCfg = Debug|Any CPU
		{FCC2F3F5-3A5F-49D9-8562-2A6D536D01DD}.Debug|Any CPU.Build.0 = Debug|Any CPU
		{FCC2F3F5-3A5F-49D9-8562-2A6D536D01DD}.Debug|x64.ActiveCfg = Debug|Any CPU
		{FCC2F3F5-3A5F-49D9-8562-2A6D536D01DD}.Debug|x64.Build.0 = Debug|Any CPU
		{FCC2F3F5-3A5F-49D9-8562-2A6D536D01DD}.Debug|x86.ActiveCfg = Debug|Any CPU
		{FCC2F3F5-3A5F-49D9-8562-2A6D536D01DD}.Debug|x86.Build.0 = Debug|Any CPU
		{FCC2F3F5-3A5F-49D9-8562-2A6D536D01DD}.Release|Any CPU.ActiveCfg = Release|Any CPU
		{FCC2F3F5-3A5F-49D9-8562-2A6D536D01DD}.Release|Any CPU.Build.0 = Release|Any CPU
		{FCC2F3F5-3A5F-49D9-8562-2A6D536D01DD}.Release|x64.ActiveCfg = Release|Any CPU
		{FCC2F3F5-3A5F-49D9-8562-2A6D536D01DD}.Release|x64.Build.0 = Release|Any CPU
		{FCC2F3F5-3A5F-49D9-8562-2A6D536D01DD}.Release|x86.ActiveCfg = Release|Any CPU
		{FCC2F3F5-3A5F-49D9-8562-2A6D536D01DD}.Release|x86.Build.0 = Release|Any CPU
		{C285A2EF-0D14-473B-8547-4B4F66995448}.Debug|Any CPU.ActiveCfg = Debug|Any CPU
		{C285A2EF-0D14-473B-8547-4B4F66995448}.Debug|Any CPU.Build.0 = Debug|Any CPU
		{C285A2EF-0D14-473B-8547-4B4F66995448}.Debug|x64.ActiveCfg = Debug|Any CPU
		{C285A2EF-0D14-473B-8547-4B4F66995448}.Debug|x64.Build.0 = Debug|Any CPU
		{C285A2EF-0D14-473B-8547-4B4F66995448}.Debug|x86.ActiveCfg = Debug|Any CPU
		{C285A2EF-0D14-473B-8547-4B4F66995448}.Debug|x86.Build.0 = Debug|Any CPU
		{C285A2EF-0D14-473B-8547-4B4F66995448}.Release|Any CPU.ActiveCfg = Release|Any CPU
		{C285A2EF-0D14-473B-8547-4B4F66995448}.Release|Any CPU.Build.0 = Release|Any CPU
		{C285A2EF-0D14-473B-8547-4B4F66995448}.Release|x64.ActiveCfg = Release|Any CPU
		{C285A2EF-0D14-473B-8547-4B4F66995448}.Release|x64.Build.0 = Release|Any CPU
		{C285A2EF-0D14-473B-8547-4B4F66995448}.Release|x86.ActiveCfg = Release|Any CPU
		{C285A2EF-0D14-473B-8547-4B4F66995448}.Release|x86.Build.0 = Release|Any CPU
	EndGlobalSection
	GlobalSection(SolutionProperties) = preSolution
		HideSolutionNode = FALSE
	EndGlobalSection
	GlobalSection(ExtensibilityGlobals) = postSolution
		SolutionGuid = {0E406AFE-EE06-4613-9F58-169C7C0666A9}
	EndGlobalSection
EndGlobal
